version = 1
revision = 3
requires-python = ">=3.7, <3.13"
resolution-markers = [
    "python_full_version >= '3.10' and sys_platform == 'win32'",
    "python_full_version == '3.9.*' and sys_platform == 'win32'",
    "python_full_version == '3.8.*' and sys_platform == 'win32'",
    "python_full_version >= '3.10' and sys_platform != 'win32'",
    "python_full_version == '3.9.*' and sys_platform != 'win32'",
    "python_full_version == '3.8.*' and sys_platform != 'win32'",
    "python_full_version < '3.8'",
]

[[package]]
name = "darkdetect"
version = "0.7.1"
source = { registry = "https://pypi.org/simple" }
sdist = { url = "https://files.pythonhosted.org/packages/48/2e/346667de53b48417e6237efd9d076d6530c413666fcbc381adbfeff21ce7/darkdetect-0.7.1.tar.gz", hash = "sha256:47be3cf5134432ddb616bbffc927237718407914993c82809983e7ccebf49013", size = 6976, upload-time = "2022-07-18T21:10:27.64Z" }
wheels = [
    { url = "https://files.pythonhosted.org/packages/63/bd/b31abc8fcaab163e0b9501020309dd9094b47d609035a23e6ec0a0a8ba10/darkdetect-0.7.1-py2.py3-none-any.whl", hash = "sha256:3efe69f8ecd5f1b7f4fbb0d1d93f656b0e493c45cc49222380ffe2a529cbc866", size = 8199, upload-time = "2022-07-18T21:10:26.178Z" },
]

[[package]]
name = "flatbencode"
version = "0.2.1"
source = { registry = "https://pypi.org/simple" }
sdist = { url = "https://files.pythonhosted.org/packages/96/3d/ed36c2a94bef2ff1b7fc62ba932fa2eb4db3f7ea30c89da01b1c64ecbb8c/flatbencode-0.2.1.tar.gz", hash = "sha256:77397d5d0108835404f6f7cad640d403c7025a11812afc7e1df4b0f92589ba77", size = 3234, upload-time = "2016-10-22T11:12:34.225Z" }

[[package]]
name = "humanfriendly"
version = "10.0"
source = { registry = "https://pypi.org/simple" }
dependencies = [
    { name = "pyreadline", marker = "python_full_version < '3.8' and sys_platform == 'win32'" },
    { name = "pyreadline3", marker = "python_full_version >= '3.8' and sys_platform == 'win32'" },
]
sdist = { url = "https://files.pythonhosted.org/packages/cc/3f/2c29224acb2e2df4d2046e4c73ee2662023c58ff5b113c4c1adac0886c43/humanfriendly-10.0.tar.gz", hash = "sha256:6b0b831ce8f15f7300721aa49829fc4e83921a9a301cc7f606be6686a2288ddc", size = 360702, upload-time = "2021-09-17T21:40:43.31Z" }
wheels = [
    { url = "https://files.pythonhosted.org/packages/f0/0f/310fb31e39e2d734ccaa2c0fb981ee41f7bd5056ce9bc29b2248bd569169/humanfriendly-10.0-py2.py3-none-any.whl", hash = "sha256:1697e1a8a8f550fd43c2865cd84542fc175a61dcb779b6fee18cf6b6ccba1477", size = 86794, upload-time = "2021-09-17T21:40:39.897Z" },
]

[[package]]
name = "pyqt5"
version = "5.15.10"
source = { registry = "https://pypi.org/simple" }
resolution-markers = [
    "python_full_version < '3.8'",
]
dependencies = [
    { name = "pyqt5-qt5", marker = "python_full_version < '3.8'" },
    { name = "pyqt5-sip", version = "12.13.0", source = { registry = "https://pypi.org/simple" }, marker = "python_full_version < '3.8'" },
]
sdist = { url = "https://files.pythonhosted.org/packages/4d/5d/b8b6e26956ec113ad3f566e02abd12ac3a56b103fcc7e0735e27ee4a1df3/PyQt5-5.15.10.tar.gz", hash = "sha256:d46b7804b1b10a4ff91753f8113e5b5580d2b4462f3226288e2d84497334898a", size = 3242654, upload-time = "2023-10-14T10:27:00.553Z" }
wheels = [
    { url = "https://files.pythonhosted.org/packages/f2/8a/aa7699436ed898a1cc34724bbb672a879ea51b8067f0ab71843d52f6fcd0/PyQt5-5.15.10-cp37-abi3-macosx_10_13_x86_64.whl", hash = "sha256:93288d62ebd47b1933d80c27f5d43c7c435307b84d480af689cef2474e87e4c8", size = 6999055, upload-time = "2023-10-14T10:26:24.374Z" },
    { url = "https://files.pythonhosted.org/packages/7c/1a/10bfde9464f2521d907c1fc675eaa33bab014fca4a9502ac3995a9b76549/PyQt5-5.15.10-cp37-abi3-macosx_11_0_arm64.whl", hash = "sha256:862cea3be95b4b0a2b9678003b3a18edf7bd5eafd673860f58820f246d4bf616", size = 6587833, upload-time = "2023-10-20T14:57:24.932Z" },
    { url = "https://files.pythonhosted.org/packages/2f/e6/a1f9853e4933c312c6de9c79d126c7d92ef69ae0e53895fb1ceb0ecc77a6/PyQt5-5.15.10-cp37-abi3-manylinux_2_17_x86_64.whl", hash = "sha256:b89478d16d4118664ff58ed609e0a804d002703c9420118de7e4e70fa1cb5486", size = 8239447, upload-time = "2023-10-14T10:26:40.438Z" },
    { url = "https://files.pythonhosted.org/packages/54/2a/f7369ca9a6c11ad7d0c6037ac7a254b3abf758c72e231d3fd0c2a45ce9f4/PyQt5-5.15.10-cp37-abi3-win32.whl", hash = "sha256:ff99b4f91aa8eb60510d5889faad07116d3340041916e46c07d519f7cad344e1", size = 5425705, upload-time = "2023-10-14T10:26:48.022Z" },
    { url = "https://files.pythonhosted.org/packages/ca/ac/596e8ca16fd0634542d874c0d79219fc527ea7de73a5000092f60ecbf6e9/PyQt5-5.15.10-cp37-abi3-win_amd64.whl", hash = "sha256:501355f327e9a2c38db0428e1a236d25ebcb99304cd6e668c05d1188d514adec", size = 6840786, upload-time = "2023-10-14T10:26:55.814Z" },
]

[[package]]
name = "pyqt5"
version = "5.15.11"
source = { registry = "https://pypi.org/simple" }
resolution-markers = [
    "python_full_version >= '3.10' and sys_platform == 'win32'",
    "python_full_version == '3.9.*' and sys_platform == 'win32'",
    "python_full_version == '3.8.*' and sys_platform == 'win32'",
    "python_full_version >= '3.10' and sys_platform != 'win32'",
    "python_full_version == '3.9.*' and sys_platform != 'win32'",
    "python_full_version == '3.8.*' and sys_platform != 'win32'",
]
dependencies = [
    { name = "pyqt5-qt5", marker = "python_full_version >= '3.8'" },
    { name = "pyqt5-sip", version = "12.15.0", source = { registry = "https://pypi.org/simple" }, marker = "python_full_version == '3.8.*'" },
    { name = "pyqt5-sip", version = "12.17.1", source = { registry = "https://pypi.org/simple" }, marker = "python_full_version == '3.9.*'" },
    { name = "pyqt5-sip", version = "12.18.0", source = { registry = "https://pypi.org/simple" }, marker = "python_full_version >= '3.10'" },
]
sdist = { url = "https://files.pythonhosted.org/packages/0e/07/c9ed0bd428df6f87183fca565a79fee19fa7c88c7f00a7f011ab4379e77a/PyQt5-5.15.11.tar.gz", hash = "sha256:fda45743ebb4a27b4b1a51c6d8ef455c4c1b5d610c90d2934c7802b5c1557c52", size = 3216775, upload-time = "2024-07-19T08:39:57.756Z" }
wheels = [
    { url = "https://files.pythonhosted.org/packages/11/64/42ec1b0bd72d87f87bde6ceb6869f444d91a2d601f2e67cd05febc0346a1/PyQt5-5.15.11-cp38-abi3-macosx_11_0_arm64.whl", hash = "sha256:c8b03dd9380bb13c804f0bdb0f4956067f281785b5e12303d529f0462f9afdc2", size = 6579776, upload-time = "2024-07-19T08:39:19.775Z" },
    { url = "https://files.pythonhosted.org/packages/49/f5/3fb696f4683ea45d68b7e77302eff173493ac81e43d63adb60fa760b9f91/PyQt5-5.15.11-cp38-abi3-macosx_11_0_x86_64.whl", hash = "sha256:6cd75628f6e732b1ffcfe709ab833a0716c0445d7aec8046a48d5843352becb6", size = 7016415, upload-time = "2024-07-19T08:39:32.977Z" },
    { url = "https://files.pythonhosted.org/packages/b4/8c/4065950f9d013c4b2e588fe33cf04e564c2322842d84dbcbce5ba1dc28b0/PyQt5-5.15.11-cp38-abi3-manylinux_2_17_x86_64.whl", hash = "sha256:cd672a6738d1ae33ef7d9efa8e6cb0a1525ecf53ec86da80a9e1b6ec38c8d0f1", size = 8188103, upload-time = "2024-07-19T08:39:40.561Z" },
    { url = "https://files.pythonhosted.org/packages/f3/f0/ae5a5b4f9b826b29ea4be841b2f2d951bcf5ae1d802f3732b145b57c5355/PyQt5-5.15.11-cp38-abi3-win32.whl", hash = "sha256:76be0322ceda5deecd1708a8d628e698089a1cea80d1a49d242a6d579a40babd", size = 5433308, upload-time = "2024-07-19T08:39:46.932Z" },
    { url = "https://files.pythonhosted.org/packages/56/d5/68eb9f3d19ce65df01b6c7b7a577ad3bbc9ab3a5dd3491a4756e71838ec9/PyQt5-5.15.11-cp38-abi3-win_amd64.whl", hash = "sha256:bdde598a3bb95022131a5c9ea62e0a96bd6fb28932cc1619fd7ba211531b7517", size = 6865864, upload-time = "2024-07-19T08:39:53.572Z" },
]

[[package]]
name = "pyqt5-qt5"
version = "5.15.18"
source = { registry = "https://pypi.org/simple" }
wheels = [
    { url = "https://files.pythonhosted.org/packages/46/90/bf01ac2132400997a3474051dd680a583381ebf98b2f5d64d4e54138dc42/pyqt5_qt5-5.15.18-py3-none-macosx_10_13_x86_64.whl", hash = "sha256:8bb997eb903afa9da3221a0c9e6eaa00413bbeb4394d5706118ad05375684767", size = 39715743, upload-time = "2025-11-09T12:56:42.936Z" },
    { url = "https://files.pythonhosted.org/packages/24/8e/76366484d9f9dbe28e3bdfc688183433a7b82e314216e9b14c89e5fab690/pyqt5_qt5-5.15.18-py3-none-macosx_11_0_arm64.whl", hash = "sha256:c656af9c1e6aaa7f59bf3d8995f2fa09adbf6762b470ed284c31dca80d686a26", size = 36798484, upload-time = "2025-11-09T12:56:59.998Z" },
    { url = "https://files.pythonhosted.org/packages/9a/46/ffe177f99f897a59dc237a20059020427bd2d3853d713992b8081933ddfe/pyqt5_qt5-5.15.18-py3-none-manylinux2014_x86_64.whl", hash = "sha256:bf2457e6371969736b4f660a0c153258fa03dbc6a181348218e6f05421682af7", size = 60864590, upload-time = "2025-11-09T12:57:26.724Z" },
]

[[package]]
name = "pyqt5-sip"
version = "12.13.0"
source = { registry = "https://pypi.org/simple" }
resolution-markers = [
    "python_full_version < '3.8'",
]
sdist = { url = "https://files.pythonhosted.org/packages/ee/81/fce2a475aa56c1f49707d9306b930695b6ff078c2242c9f2fd72a3214e1f/PyQt5_sip-12.13.0.tar.gz", hash = "sha256:7f321daf84b9c9dbca61b80e1ef37bdaffc0e93312edae2cd7da25b953971d91", size = 123225, upload-time = "2023-10-14T10:21:54.43Z" }
wheels = [
    { url = "https://files.pythonhosted.org/packages/2c/08/5746a53447b75f4024324e9409d8c17d005ae94596cb8d1a1da7fd702de6/PyQt5_sip-12.13.0-cp310-cp310-macosx_10_9_universal2.whl", hash = "sha256:a7e3623b2c743753625c4650ec7696362a37fb36433b61824cf257f6d3d43cca", size = 144380, upload-time = "2023-10-14T10:21:08.413Z" },
    { url = "https://files.pythonhosted.org/packages/c9/d5/2537affe91240214b4b84616ef6abe545bca6a56302280cad5e08062b23b/PyQt5_sip-12.13.0-cp310-cp310-manylinux_2_5_x86_64.manylinux1_x86_64.whl", hash = "sha256:6e4ac714252370ca037c7d609da92388057165edd4f94e63354f6d65c3ed9d53", size = 338140, upload-time = "2023-10-14T10:21:15.878Z" },
    { url = "https://files.pythonhosted.org/packages/56/d3/8d27ce7bed0139c0408ff7a662adeca567ec8b9c111e085eb90d91e4bed7/PyQt5_sip-12.13.0-cp310-cp310-win32.whl", hash = "sha256:d5032da3fff62da055104926ffe76fd6044c1221f8ad35bb60804bcb422fe866", size = 68692, upload-time = "2023-10-14T10:21:18.502Z" },
    { url = "https://files.pythonhosted.org/packages/f3/0c/69bda293d75b3169515400820d2fa11d0ccde31046c48c48c5e9c8549d69/PyQt5_sip-12.13.0-cp310-cp310-win_amd64.whl", hash = "sha256:9a8cdd6cb66adcbe5c941723ed1544eba05cf19b6c961851b58ccdae1c894afb", size = 78471, upload-time = "2023-10-14T10:21:20.305Z" },
    { url = "https://files.pythonhosted.org/packages/bc/de/fff654a38821e42beb914ecca72c4ac0ae3dab1f94666ae8015a152a197f/PyQt5_sip-12.13.0-cp311-cp311-macosx_10_9_universal2.whl", hash = "sha256:0f85fb633a522f04e48008de49dce1ff1d947011b48885b8428838973fbca412", size = 144454, upload-time = "2023-10-14T10:21:22.06Z" },
    { url = "https://files.pythonhosted.org/packages/ca/b0/5af957d148693e1d1b1e2e33c51dd9c8a3c29f7ac21008684d612c0b86c3/PyQt5_sip-12.13.0-cp311-cp311-manylinux_2_5_x86_64.manylinux1_x86_64.whl", hash = "sha256:ec60162e034c42fb99859206d62b83b74f987d58937b3a82bdc07b5c3d190dec", size = 346673, upload-time = "2023-10-14T10:21:25.112Z" },
    { url = "https://files.pythonhosted.org/packages/d8/04/8682c882bb0adbc73dd5cf191c486cc2680acb53ffca312f254a806baf15/PyQt5_sip-12.13.0-cp311-cp311-win32.whl", hash = "sha256:205cd449d08a2b024a468fb6100cd7ed03e946b4f49706f508944006f955ae1a", size = 68704, upload-time = "2023-10-14T10:21:26.736Z" },
    { url = "https://files.pythonhosted.org/packages/8e/e2/d296cb17bae19ba49137a2649934a70d5f48cc99b7daa6ce9cf1aecddfeb/PyQt5_sip-12.13.0-cp311-cp311-win_amd64.whl", hash = "sha256:1c8371682f77852256f1f2d38c41e2e684029f43330f0635870895ab01c02f6c", size = 78476, upload-time = "2023-10-14T10:21:28.342Z" },
    { url = "https://files.pythonhosted.org/packages/37/75/02e2f850b0e7c8987da526ed4a2bf579c231b2bb2731860798bb1a1752ea/PyQt5_sip-12.13.0-cp312-cp312-macosx_10_9_universal2.whl", hash = "sha256:7fe3375b508c5bc657d73b9896bba8a768791f1f426c68053311b046bcebdddf", size = 146399, upload-time = "2023-10-14T10:21:31.17Z" },
    { url = "https://files.pythonhosted.org/packages/3c/ab/f8f1e970768fcb4ab118d4aabbfcb9b7f781088b71e1f26d813fd51c4701/PyQt5_sip-12.13.0-cp312-cp312-manylinux_2_5_x86_64.manylinux1_x86_64.whl", hash = "sha256:773731b1b5ab1a7cf5621249f2379c95e3d2905e9bd96ff3611b119586daa876", size = 360986, upload-time = "2023-10-14T10:21:33.749Z" },
    { url = "https://files.pythonhosted.org/packages/46/e1/70222aac7ed23f85b54e69507fb5256e53be1205bdc4f678463f2ed74aa2/PyQt5_sip-12.13.0-cp312-cp312-win32.whl", hash = "sha256:fb4a5271fa3f6bc2feb303269a837a95a6d8dd16be553aa40e530de7fb81bfdf", size = 69214, upload-time = "2023-10-14T10:21:36.204Z" },
    { url = "https://files.pythonhosted.org/packages/dd/88/41bab90e8cde04220d9fb688750d69441633a8c570638e7b204ebf63ab01/PyQt5_sip-12.13.0-cp312-cp312-win_amd64.whl", hash = "sha256:3a4498f3b1b15f43f5d12963accdce0fd652b0bcaae6baf8008663365827444c", size = 77706, upload-time = "2023-10-14T10:21:37.609Z" },
    { url = "https://files.pythonhosted.org/packages/c8/26/81bdb1df1cbf8807b94c753f75882323ed618c3623224eb6b386564066ca/PyQt5_sip-12.13.0-cp38-cp38-macosx_10_9_x86_64.whl", hash = "sha256:9b984c2620a7a7eaf049221b09ae50a345317add2624c706c7d2e9e6632a9587", size = 85411, upload-time = "2023-10-14T10:21:39.206Z" },
    { url = "https://files.pythonhosted.org/packages/d6/06/0d34b0f57e1c9d3b6ea1ce8157153b009efd8eefa87dbb9ffb7e909c0c78/PyQt5_sip-12.13.0-cp38-cp38-manylinux_2_5_x86_64.manylinux1_x86_64.whl", hash = "sha256:3188a06956aef86f604fb0d14421a110fad70d2a9e943dbacbfc3303f651dade", size = 335458, upload-time = "2023-10-14T10:21:42.458Z" },
    { url = "https://files.pythonhosted.org/packages/ab/c2/f5908a64a5b1445471c94b2fa2c8953df1cdb3f9e7a73fe232fcba56aefa/PyQt5_sip-12.13.0-cp38-cp38-win32.whl", hash = "sha256:108a15f603e1886988c4b0d9d41cb74c9f9815bf05cefc843d559e8c298a10ce", size = 68554, upload-time = "2023-10-14T10:21:43.867Z" },
    { url = "https://files.pythonhosted.org/packages/88/cd/dd21cdb92d053ca71c02c75ab7bd32874b82b33bef61d6d70b5d898e684b/PyQt5_sip-12.13.0-cp38-cp38-win_amd64.whl", hash = "sha256:db228cd737f5cbfc66a3c3e50042140cb80b30b52edc5756dbbaa2346ec73137", size = 78263, upload-time = "2023-10-14T10:21:45.642Z" },
    { url = "https://files.pythonhosted.org/packages/cf/00/442b0fd2ae8d88eece790856b71b35f2a0cf467e63d7adfc4512cd50ef44/PyQt5_sip-12.13.0-cp39-cp39-macosx_10_9_universal2.whl", hash = "sha256:5338773bbaedaa4f16a73c142fb23cc18c327be6c338813af70260b756c7bc92", size = 144366, upload-time = "2023-10-14T10:21:47.761Z" },
    { url = "https://files.pythonhosted.org/packages/51/ba/fcd923fc4ca1247daa76cf024f647014ef266238326dc07cc0ec02d7efc9/PyQt5_sip-12.13.0-cp39-cp39-manylinux_2_5_x86_64.manylinux1_x86_64.whl", hash = "sha256:29fa9cc964517c9fc3f94f072b9a2aeef4e7a2eda1879cb835d9e06971161cdf", size = 335709, upload-time = "2023-10-14T10:21:49.727Z" },
    { url = "https://files.pythonhosted.org/packages/ed/dd/15c6aeaec1391c7784dbe30c35267b1991e65540e51cc4e7028387103c55/PyQt5_sip-12.13.0-cp39-cp39-win32.whl", hash = "sha256:96414c93f3d33963887cf562d50d88b955121fbfd73f937c8eca46643e77bf61", size = 68589, upload-time = "2023-10-14T10:21:51.5Z" },
    { url = "https://files.pythonhosted.org/packages/a5/d5/657447dc60ee79447781543c967dbd5500ae729730fe76126236ff26b72d/PyQt5_sip-12.13.0-cp39-cp39-win_amd64.whl", hash = "sha256:bbc7cd498bf19e0862097be1ad2243e824dea56726f00c11cff1b547c2d31d01", size = 78513, upload-time = "2023-10-14T10:21:52.84Z" },
]

[[package]]
name = "pyqt5-sip"
version = "12.15.0"
source = { registry = "https://pypi.org/simple" }
resolution-markers = [
    "python_full_version == '3.8.*' and sys_platform == 'win32'",
    "python_full_version == '3.8.*' and sys_platform != 'win32'",
]
sdist = { url = "https://files.pythonhosted.org/packages/1b/15/78318d50f10062c428e97e7ce387e772616a4673c356018b905f247a6a85/PyQt5_sip-12.15.0.tar.gz", hash = "sha256:d23fdfcf363b5cedd9d39f8a9c5710e7d52804f5b08a58e91c638b36eafcb702", size = 104024, upload-time = "2024-07-12T15:38:08.283Z" }
wheels = [
    { url = "https://files.pythonhosted.org/packages/f9/cb/5989258c3d70c78eabaebe3ac900c56c863caf6de7961e4b7b556a8c9e7a/PyQt5_sip-12.15.0-cp310-cp310-macosx_10_9_universal2.whl", hash = "sha256:749f7a3ffd6e3d2d5db65ed92c95cbd14490631595c61f0c0672c9238bfb17de", size = 122371, upload-time = "2024-07-12T15:37:07.208Z" },
    { url = "https://files.pythonhosted.org/packages/c1/06/3fffcc82005d83ce5f923c52a13fc40661c081c0aa7a2588af09351d9075/PyQt5_sip-12.15.0-cp310-cp310-manylinux_2_5_x86_64.manylinux1_x86_64.whl", hash = "sha256:b4adc529fa4ec05728e14ea55194d907cc51f18d6f2ac5cc9f6eb52ac038aa0f", size = 270522, upload-time = "2024-07-12T15:37:09.41Z" },
    { url = "https://files.pythonhosted.org/packages/64/29/9508798f4009a7ffcfb92818fbe6dbfdc63fbc300b32c6c193f5c0879c16/PyQt5_sip-12.15.0-cp310-cp310-win32.whl", hash = "sha256:83d247cdc43ef224410b14c97413067ea26356dfa39e9ed0fe702a31e25710b0", size = 49059, upload-time = "2024-07-12T15:37:10.703Z" },
    { url = "https://files.pythonhosted.org/packages/18/c2/a53caa812b3886550eb82ba7af63a8293a6ffbceaef1f6f192fe34fdd580/PyQt5_sip-12.15.0-cp310-cp310-win_amd64.whl", hash = "sha256:13f0c6a78e781255863e3e160304648efaf62276b7102741af637b63a6e96930", size = 59015, upload-time = "2024-07-12T15:37:12.4Z" },
    { url = "https://files.pythonhosted.org/packages/e9/7e/4b87c65adf9cb74895acc129043d04bb300436cab1e39469f4a9fc40b602/PyQt5_sip-12.15.0-cp311-cp311-macosx_10_9_universal2.whl", hash = "sha256:855563d4d3b59ce7438bbf2dd32fed2707787defa40f3efe94f204a19ef92b25", size = 122436, upload-time = "2024-07-12T15:37:13.921Z" },
    { url = "https://files.pythonhosted.org/packages/ec/90/8bf505a096553a253e1a65078ca1aeb6de8a83f27afa3a43bb89ae29da31/PyQt5_sip-12.15.0-cp311-cp311-manylinux_2_5_x86_64.manylinux1_x86_64.whl", hash = "sha256:0b718a362f4392430903bbb2a4b9bbff9841a16a52f0cfdd5b5bbd9d11457980", size = 276022, upload-time = "2024-07-12T15:37:32.356Z" },
    { url = "https://files.pythonhosted.org/packages/6b/80/ed1a360df9128e0e26e28c6341174a7e02efc57816799af5e3a3cb865fc8/PyQt5_sip-12.15.0-cp311-cp311-win32.whl", hash = "sha256:2575f428de584a12009fd29d00c89df16ed101a3b38beba818dfdcbc4a10709c", size = 49065, upload-time = "2024-07-12T15:37:34.417Z" },
    { url = "https://files.pythonhosted.org/packages/4e/d6/ea034ad64290c541042dc4c349d5aa854c8a0b54802a0759ec37671f0939/PyQt5_sip-12.15.0-cp311-cp311-win_amd64.whl", hash = "sha256:c85be433fbafcb3d417581c0e1b67c8198d23858166e4f938e971c2262c13cdb", size = 59009, upload-time = "2024-07-12T15:37:45.34Z" },
    { url = "https://files.pythonhosted.org/packages/90/47/de48934a0d692c65b0833924a618786146c0869910c707a5e508351d5b91/PyQt5_sip-12.15.0-cp312-cp312-macosx_10_9_universal2.whl", hash = "sha256:852b75cf208825602480e95ab63314108f872d0da251e9ad3deaaff5a183a6f5", size = 124312, upload-time = "2024-07-12T15:37:46.705Z" },
    { url = "https://files.pythonhosted.org/packages/d1/6c/9a2fe24f8970e092613f709283a2101403490a209a30de3de89a413d9915/PyQt5_sip-12.15.0-cp312-cp312-manylinux_2_5_x86_64.manylinux1_x86_64.whl", hash = "sha256:0cd21c3215e3c47fdd5fa7a2dc3dd1e07a7230b0626e905a7217925068c788b9", size = 281431, upload-time = "2024-07-12T15:37:48.523Z" },
    { url = "https://files.pythonhosted.org/packages/90/53/0a4dc2d448619f2a51849e124d375ec7a8e95c938eccfaf8711bb77a62b6/PyQt5_sip-12.15.0-cp312-cp312-win32.whl", hash = "sha256:b58eeedc9b2a3037b136bf96915196c391a33be470ed1c0723d7163ef0b727a2", size = 49408, upload-time = "2024-07-12T15:37:49.854Z" },
    { url = "https://files.pythonhosted.org/packages/aa/c2/c07c531fe5a6124d91942c48a85ff4e14918766cd37819f7841cf2debabb/PyQt5_sip-12.15.0-cp312-cp312-win_amd64.whl", hash = "sha256:24a1d4937332bf0a38dd95bb2ce4d89723df449f6e912b52ef0e107e11fefac1", size = 57922, upload-time = "2024-07-12T15:37:53.71Z" },
    { url = "https://files.pythonhosted.org/packages/fe/c5/448f5757bfe8215ee570f490f4f600d4f92fdaf06690117eae369a5b3da0/PyQt5_sip-12.15.0-cp38-cp38-macosx_11_0_universal2.whl", hash = "sha256:91b9538458a3a23e033c213bc879ce64f3d0a33d5a49cbd03e1e584efe307a35", size = 122522, upload-time = "2024-07-12T15:37:55.02Z" },
    { url = "https://files.pythonhosted.org/packages/13/ae/e48632f12f0186f9719b001e9fe0495233d8dfa807ecc9f4b54462cd76f5/PyQt5_sip-12.15.0-cp38-cp38-manylinux_2_5_x86_64.manylinux1_x86_64.whl", hash = "sha256:0c1c727ede7fdc464a1fe2e46109ba836509b2d7187a46fdeae443148ce51d1c", size = 274510, upload-time = "2024-07-12T15:37:56.557Z" },
    { url = "https://files.pythonhosted.org/packages/64/34/507fd1aedb0919137d9a3fd806462543a7697e877999efbbdcb890f41379/PyQt5_sip-12.15.0-cp38-cp38-win32.whl", hash = "sha256:dd241de9c569c07bbba62bff1049996e5b52478164f61f430073a87bf6d26d33", size = 48884, upload-time = "2024-07-12T15:37:59.525Z" },
    { url = "https://files.pythonhosted.org/packages/4f/fc/7d44e8f83eded93fa1517d8354529b7a21cae5d93c26e1681fd7e4bcbb2b/PyQt5_sip-12.15.0-cp38-cp38-win_amd64.whl", hash = "sha256:f600ae6f03e4bff91153c0dc7ebe52f90bd2b6afda58fd580e6990b3b951adc0", size = 59038, upload-time = "2024-07-12T15:38:01.004Z" },
    { url = "https://files.pythonhosted.org/packages/bc/76/302ace0f93ff919be5fcbc763372c3b07fdb06005becd2e53b3d425204e4/PyQt5_sip-12.15.0-cp39-cp39-macosx_10_9_universal2.whl", hash = "sha256:c0c543d604116af26694a8a5ba90f510551ff9124d503ae5ee14bb73a61363a3", size = 122370, upload-time = "2024-07-12T15:38:02.247Z" },
    { url = "https://files.pythonhosted.org/packages/1a/b6/85f21bc6d0edde6a64e29fd5e6493ab184cc8bad502b3394416db6fbd7ea/PyQt5_sip-12.15.0-cp39-cp39-manylinux_2_5_x86_64.manylinux1_x86_64.whl", hash = "sha256:97f2d6e8d9b7b3d3e795d576d7f56e6257f524221f6383b33ded7287763e9f06", size = 268190, upload-time = "2024-07-12T15:38:04.853Z" },
    { url = "https://files.pythonhosted.org/packages/d8/9f/c4bfa0dce78b15352bc750c3faef8bd884aadf66603eacaabfa7ef99d5b7/PyQt5_sip-12.15.0-cp39-cp39-win32.whl", hash = "sha256:ed5221c6241981bd98d39504823efb9cbe36841bf8917288f8fe8fc1d5569a41", size = 48946, upload-time = "2024-07-12T15:38:06.121Z" },
    { url = "https://files.pythonhosted.org/packages/bc/ff/239f3304db74fac086e9c1152256374a98ddab980e60e54b6f0df0ce79f4/PyQt5_sip-12.15.0-cp39-cp39-win_amd64.whl", hash = "sha256:7f88c85702dce80ac2e1a162054f688ed394811d6dd03a5574b3fa8111b0a6db", size = 59003, upload-time = "2024-07-12T15:38:07.199Z" },
]

[[package]]
name = "pyqt5-sip"
version = "12.17.1"
source = { registry = "https://pypi.org/simple" }
resolution-markers = [
    "python_full_version == '3.9.*' and sys_platform == 'win32'",
    "python_full_version == '3.9.*' and sys_platform != 'win32'",
]
sdist = { url = "https://files.pythonhosted.org/packages/ea/08/88a20c862f40b5c178c517cdc7e93767967dec5ac1b994e226d517991c9b/pyqt5_sip-12.17.1.tar.gz", hash = "sha256:0eab72bcb628f1926bf5b9ac51259d4fa18e8b2a81d199071135458f7d087ea8", size = 104136, upload-time = "2025-10-08T09:04:19.893Z" }
wheels = [
    { url = "https://files.pythonhosted.org/packages/8f/38/d03cef62cc03348249ce279c7e42159d1c902b1d550924403b1986a2b0f4/pyqt5_sip-12.17.1-cp310-cp310-macosx_10_9_universal2.whl", hash = "sha256:bd4f73b1ebd5e0bd8d4539a8e55132318efc70a92f648ef0f9d93329ad50adeb", size = 122532, upload-time = "2025-10-08T09:04:12.141Z" },
    { url = "https://files.pythonhosted.org/packages/08/92/5aa38d8c17ee857fc3f7866dc84d4f4e7ab2180b5026e4f6ffd594ed2432/pyqt5_sip-12.17.1-cp310-cp310-manylinux_2_5_x86_64.manylinux1_x86_64.whl", hash = "sha256:b52e85520dbfe5c3d0c0c47aa2c10fc1853d892ae60ebebfe8154b052394da50", size = 271388, upload-time = "2025-10-08T09:15:32.369Z" },
    { url = "https://files.pythonhosted.org/packages/58/5c/0990f3a9a07346417a6728102cbe3d97b13786bce974b24a8d649a49db59/pyqt5_sip-12.17.1-cp310-cp310-win32.whl", hash = "sha256:71a67e2c9b77a74e943e220db0a341c702fd9bcf83c4a2e07342dfce691742ae", size = 49092, upload-time = "2025-10-08T09:11:22.875Z" },
    { url = "https://files.pythonhosted.org/packages/07/ad/f101338acf81cbd562362741aee9d0ee3c9242a6127c12ca698a15c851c6/pyqt5_sip-12.17.1-cp310-cp310-win_amd64.whl", hash = "sha256:2710effb921bf6955b902779c763d890bb593da6325f0e128a0e3991cc855e9f", size = 58989, upload-time = "2025-10-08T09:08:33.535Z" },
    { url = "https://files.pythonhosted.org/packages/15/e4/451e465c75584a7cbd10e10404317b7443af83f56a64e02080b1f3cda5b5/pyqt5_sip-12.17.1-cp311-cp311-macosx_10_9_universal2.whl", hash = "sha256:5134d637efadd108a70306bab55b3d7feaa951bf6b8162161a67ae847bea9130", size = 122581, upload-time = "2025-10-08T09:04:13.607Z" },
    { url = "https://files.pythonhosted.org/packages/dc/b2/330f97434b21fbc99ab16f6ce71358ff5ea1bf1f09ed14dfe6b28b5ed8f5/pyqt5_sip-12.17.1-cp311-cp311-manylinux_2_5_x86_64.manylinux1_x86_64.whl", hash = "sha256:155cf755266c8bf64428916e2ff720d5efa1aec003d4ccc40c003b147dbdac03", size = 276844, upload-time = "2025-10-08T09:15:33.713Z" },
    { url = "https://files.pythonhosted.org/packages/3b/fd/53925099d0fc8aaf7adee613b6cebfb3fdfcd1238add64ff9edf6711e5f8/pyqt5_sip-12.17.1-cp311-cp311-win32.whl", hash = "sha256:9dfa7fe4ac93b60004430699c4bf56fef842a356d64dfea7cbc6d580d0427d6d", size = 49099, upload-time = "2025-10-08T09:11:23.928Z" },
    { url = "https://files.pythonhosted.org/packages/33/f8/f47a849c17676557c4220fbce9fcc24e15736af247c4dddcaf9ff0124b57/pyqt5_sip-12.17.1-cp311-cp311-win_amd64.whl", hash = "sha256:2ddd214cf40119b86942a5da2da5a7345334955ab00026d8dcc56326b30e6d3c", size = 58988, upload-time = "2025-10-08T09:08:34.903Z" },
    { url = "https://files.pythonhosted.org/packages/a5/15/291f83f336558300626bebb0c403084ec171bbc8a70683e3376234422eb6/pyqt5_sip-12.17.1-cp312-cp312-macosx_10_9_universal2.whl", hash = "sha256:c362606de782d2d46374a38523632786f145c517ee62de246a6069e5f2c5f336", size = 124521, upload-time = "2025-10-08T09:04:15.825Z" },
    { url = "https://files.pythonhosted.org/packages/45/85/ea1ae099260fd1859d71b31f51760b4226abfa778d5796b76d92c8fe6dcd/pyqt5_sip-12.17.1-cp312-cp312-manylinux_2_5_x86_64.manylinux1_x86_64.whl", hash = "sha256:140cc582151456103ebb149fefc678f3cae803e7720733db51212af5219cd45c", size = 282182, upload-time = "2025-10-08T09:15:35.752Z" },
    { url = "https://files.pythonhosted.org/packages/b4/b3/d5b50c721651a0f2ccbef6f8db3dabf3db296b9ec239ba007f5615f57dd7/pyqt5_sip-12.17.1-cp312-cp312-win32.whl", hash = "sha256:9dc1f1525d4d42c080f6cfdfc70d78239f8f67b0a48ea0745497251d8d848b1d", size = 49447, upload-time = "2025-10-08T09:11:24.843Z" },
    { url = "https://files.pythonhosted.org/packages/14/b6/474d8b17763683ab45fb364f3a44f25fdc25d97b47b29ad8819b95a15ac8/pyqt5_sip-12.17.1-cp312-cp312-win_amd64.whl", hash = "sha256:d5e2e9e175559017cd161d661e0ee0b551684f824bb90800c5a8c8a3bea9355e", size = 57946, upload-time = "2025-10-08T09:08:35.775Z" },
    { url = "https://files.pythonhosted.org/packages/1d/fd/097af91c0446c4877b2614f3e7e40729c7d0a276c401cef3ff95850cd236/pyqt5_sip-12.17.1-cp39-cp39-macosx_10_9_universal2.whl", hash = "sha256:6fdc457bd528e5909a5893db0a7dee0066d5f22e08234c9152db0ae6df9a367f", size = 122513, upload-time = "2025-10-08T09:04:18.867Z" },
    { url = "https://files.pythonhosted.org/packages/2c/cf/58143e15d0bfa1d1450071ad9a2d71adca82ebefbd7729d0c543463d4d31/pyqt5_sip-12.17.1-cp39-cp39-manylinux_2_5_x86_64.manylinux1_x86_64.whl", hash = "sha256:06ea59741c1bffb198d99b00d26594791f45fb11b10f774c8105aea5962e3835", size = 268959, upload-time = "2025-10-08T09:15:38.323Z" },
    { url = "https://files.pythonhosted.org/packages/e6/9b/8e8f1af1b500f0d4fcd48c9f7ee474731db8b046d3629151e382634eaf59/pyqt5_sip-12.17.1-cp39-cp39-win32.whl", hash = "sha256:b9ef23869d35c6740a95fcb1f387f4aea8d8fac80e19096fbaf1a64e18409c4b", size = 49030, upload-time = "2025-10-08T09:11:26.984Z" },
    { url = "https://files.pythonhosted.org/packages/64/1e/08bd86000c8294772c6c4aaaf53babd69b9b37e80d1c87583c1fe8eeab5b/pyqt5_sip-12.17.1-cp39-cp39-win_amd64.whl", hash = "sha256:90eed15f19557dfab22e68c7763e3690053cc8dd30d93ade2523d1b5a04a87be", size = 59011, upload-time = "2025-10-08T09:08:37.924Z" },
]

[[package]]
name = "pyqt5-sip"
version = "12.18.0"
source = { registry = "https://pypi.org/simple" }
resolution-markers = [
    "python_full_version >= '3.10' and sys_platform == 'win32'",
    "python_full_version >= '3.10' and sys_platform != 'win32'",
]
sdist = { url = "https://files.pythonhosted.org/packages/f3/31/5ef342de9faee0f3801088946ae103db9b9eaeba3d6a64fefd5ce74df244/pyqt5_sip-12.18.0.tar.gz", hash = "sha256:71c37db75a0664325de149f43e2a712ec5fa1f90429a21dafbca005cb6767f94", size = 104143, upload-time = "2026-01-13T15:53:19.576Z" }
wheels = [
    { url = "https://files.pythonhosted.org/packages/2c/8e/9db5c0756134a6501ecf7d472a92f64d2d0b8033b4597e73f138a4cfb605/pyqt5_sip-12.18.0-cp310-cp310-macosx_10_9_universal2.whl", hash = "sha256:dc5c30bb9bd8cca6e13d2fedac6e2a75fe2168d798d66f76e74835546b025027", size = 122663, upload-time = "2026-01-13T15:52:40.965Z" },
    { url = "https://files.pythonhosted.org/packages/6c/4a/c66dfd090d93ef6f3e30093b55bf786c24608258d157cb1951e28c5a2725/pyqt5_sip-12.18.0-cp310-cp310-manylinux1_x86_64.manylinux_2_5_x86_64.whl", hash = "sha256:b4b743566f67cabfa7b0ba2da30b46d9d635d16cd5bc8cdcec83f620ed14dd93", size = 319778, upload-time = "2026-01-13T15:52:45.339Z" },
    { url = "https://files.pythonhosted.org/packages/1e/38/608e93888ce5e63978f1668c68e99bfd9e98ef59a7e619a82b14012c8ce5/pyqt5_sip-12.18.0-cp310-cp310-manylinux_2_5_x86_64.manylinux1_x86_64.whl", hash = "sha256:bbec4c14903bcd585b4e1ee50edccfe224c8c0ee8004a072143993b4eb954442", size = 271455, upload-time = "2026-01-13T15:52:43.453Z" },
    { url = "https://files.pythonhosted.org/packages/c4/20/d69a96d3134bca5e6623835f39954eb0f8a8e63813022f30d7150565b63e/pyqt5_sip-12.18.0-cp310-cp310-win32.whl", hash = "sha256:a2a0278091d067b17855047ed8bd557e5ca62308a7d9fb5200451d0bd9090afc", size = 49315, upload-time = "2026-01-13T15:52:47.915Z" },
    { url = "https://files.pythonhosted.org/packages/83/e8/59dc463ff816e2a9001ba873521f8cc40c25bbae31711e42f65a23c36bf4/pyqt5_sip-12.18.0-cp310-cp310-win_amd64.whl", hash = "sha256:65f257e28d06a01c2a9a7c0b2faf2af1dbf25a1420a5a9d905a54aaddce74d79", size = 58802, upload-time = "2026-01-13T15:52:46.695Z" },
    { url = "https://files.pythonhosted.org/packages/9a/59/3dd29bcfde479ac241f618235bf7d76e65e47afdcd91743554d490ae0d19/pyqt5_sip-12.18.0-cp311-cp311-macosx_10_9_universal2.whl", hash = "sha256:13c32e9025d0ab5fe960ef64dcb4c6f7ec26156ddce2cf2f195600aa26e8f9fe", size = 122724, upload-time = "2026-01-13T15:52:49.875Z" },
    { url = "https://files.pythonhosted.org/packages/87/c4/ac4deee3249d3ceb703103acbbf76d89f3782fa7ad2ca5a15fcb5bcf5c73/pyqt5_sip-12.18.0-cp311-cp311-manylinux1_x86_64.manylinux_2_5_x86_64.whl", hash = "sha256:dd855149c724634eb1f92d10e04e1be0751068a8521d5f9f06e5c2dbe32fd89f", size = 327560, upload-time = "2026-01-13T15:52:53.584Z" },
    { url = "https://files.pythonhosted.org/packages/79/53/64373ba9311288b0ea6b5ab375d9c9743a41ac93df7137655498c95a08e5/pyqt5_sip-12.18.0-cp311-cp311-manylinux_2_5_x86_64.manylinux1_x86_64.whl", hash = "sha256:521729e4ce44db555005f4e6987c4a5164d45ea03f5a7d08519813d4776acd15", size = 277067, upload-time = "2026-01-13T15:52:51.22Z" },
    { url = "https://files.pythonhosted.org/packages/ce/dd/4026bba8355ceaba222db0369fe4a480d55aa61d3f14dbe1458886ccc032/pyqt5_sip-12.18.0-cp311-cp311-win32.whl", hash = "sha256:c738949863d88b78f86f28e13151989ca3b1a302934811af41856dc8a27838bd", size = 49323, upload-time = "2026-01-13T15:52:55.859Z" },
    { url = "https://files.pythonhosted.org/packages/41/35/39e549ca7f7c9fbb025912a5db7f55f3b9c22d7f9718f41c2e7a17c806e9/pyqt5_sip-12.18.0-cp311-cp311-win_amd64.whl", hash = "sha256:ac0be1a8ce145ed78c7e8d45243749405bee7e3a87e9810b0542bca010c50bd7", size = 58795, upload-time = "2026-01-13T15:52:54.995Z" },
    { url = "https://files.pythonhosted.org/packages/2a/61/6d78d702016ac23d2b97634a3b6a831c3f7735f0552a1c8b058db96005d1/pyqt5_sip-12.18.0-cp312-cp312-macosx_10_9_universal2.whl", hash = "sha256:b29e4cda24748e59e5bd1bdad4812091a86b4b5b08c38b7f781eb55a5166f2b7", size = 124614, upload-time = "2026-01-13T15:52:57.59Z" },
    { url = "https://files.pythonhosted.org/packages/19/bf/8f3efa10ddd3e76c1253865340ab7c2960ef96681d732b1f666c77430612/pyqt5_sip-12.18.0-cp312-cp312-manylinux1_x86_64.manylinux_2_5_x86_64.whl", hash = "sha256:163c2bba5e637c2222ec17d82a2c5aa158184a191923eb7d137cf4cfa0399529", size = 339412, upload-time = "2026-01-13T15:53:00.563Z" },
    { url = "https://files.pythonhosted.org/packages/72/48/f1bcf6729d01bae6729cd790b22fd579dbe34014e8be031e6f10c5b9b2aa/pyqt5_sip-12.18.0-cp312-cp312-manylinux_2_5_x86_64.manylinux1_x86_64.whl", hash = "sha256:ead5e0a64ad852ac60797989d8444a6a5bd834768536b04a07b40b2937d922f6", size = 282376, upload-time = "2026-01-13T15:52:59.172Z" },
    { url = "https://files.pythonhosted.org/packages/dd/b7/d84c764ac9f1366be561255ec9bd88ee224fefdbdb349aee250f3003f0ca/pyqt5_sip-12.18.0-cp312-cp312-win32.whl", hash = "sha256:993fe3ed9a62a92e770f32d5344e3df56c2cacf1471f01b7feaf04818a2df1c4", size = 49523, upload-time = "2026-01-13T15:53:03.068Z" },
    { url = "https://files.pythonhosted.org/packages/ab/e7/ef87178d5afa5f63be38556dc0df8af89f9bf74f2555f4dab6824c0fd150/pyqt5_sip-12.18.0-cp312-cp312-win_amd64.whl", hash = "sha256:9b689e02e400abd1ce0a30cd6eae8eceabcf1bbba0395cb5c86e64ba74351d68", size = 58001, upload-time = "2026-01-13T15:53:02.15Z" },
]

[[package]]
name = "pyqtdarktheme"
version = "2.1.0"
source = { registry = "https://pypi.org/simple" }
dependencies = [
    { name = "darkdetect" },
]
sdist = { url = "https://files.pythonhosted.org/packages/5c/f1/786feaad7a333072b34a913dbe38aef94b5ae43ad188934f5d70007aea79/pyqtdarktheme-2.1.0.tar.gz", hash = "sha256:5f8274ddfa3a5481ed9743cdb0f9debfeb7ff695b3a0d202a8104361d17dadb8", size = 42186, upload-time = "2022-12-25T08:33:11.662Z" }
wheels = [
    { url = "https://files.pythonhosted.org/packages/12/cd/8ce0ac84e9f68dc549edcc5cbdeac7511439c5f7ee6c05f1f8826ef05d44/pyqtdarktheme-2.1.0-py3-none-any.whl", hash = "sha256:8739d99502230fbaca42551ea033c9ae31c81c4ebfec2f1ffde38f32a18bea7a", size = 54242, upload-time = "2022-12-25T08:33:10.125Z" },
]

[[package]]
name = "pyreadline"
version = "2.1"
source = { registry = "https://pypi.org/simple" }
sdist = { url = "https://files.pythonhosted.org/packages/bc/7c/d724ef1ec3ab2125f38a1d53285745445ec4a8f19b9bb0761b4064316679/pyreadline-2.1.zip", hash = "sha256:4530592fc2e85b25b1a9f79664433da09237c1a270e4d78ea5aa3a2c7229e2d1", size = 109189, upload-time = "2015-09-16T08:24:48.745Z" }

[[package]]
name = "pyreadline3"
version = "3.5.4"
source = { registry = "https://pypi.org/simple" }
sdist = { url = "https://files.pythonhosted.org/packages/0f/49/4cea918a08f02817aabae639e3d0ac046fef9f9180518a3ad394e22da148/pyreadline3-3.5.4.tar.gz", hash = "sha256:8d57d53039a1c75adba8e50dd3d992b28143480816187ea5efbd5c78e6c885b7", size = 99839, upload-time = "2024-09-19T02:40:10.062Z" }
wheels = [
    { url = "https://files.pythonhosted.org/packages/5a/dc/491b7661614ab97483abf2056be1deee4dc2490ecbf7bff9ab5cdbac86e1/pyreadline3-3.5.4-py3-none-any.whl", hash = "sha256:eaf8e6cc3c49bcccf145fc6067ba8643d1df34d604a1ec0eccbf7a18e6d3fae6", size = 83178, upload-time = "2024-09-19T02:40:08.598Z" },
]

[[package]]
name = "torf"
version = "4.2.7"
source = { registry = "https://pypi.org/simple" }
resolution-markers = [
    "python_full_version < '3.8'",
]
dependencies = [
    { name = "flatbencode", marker = "python_full_version < '3.8'" },
]
sdist = { url = "https://files.pythonhosted.org/packages/85/24/208ef9e2fde55e0c1ea6f78f7e025dae50678a62d255c5d13551d72857de/torf-4.2.7.tar.gz", hash = "sha256:c2e1e2171ce03ffc9303ddbc50d7f73e419d9a1af22a07edb029b7c0cf7293d9", size = 102961, upload-time = "2024-06-13T09:45:36.097Z" }
wheels = [
    { url = "https://files.pythonhosted.org/packages/e4/f3/0090e0ab45963b0022ae2a7648aa4fe26bfc402d4bf00c5cfcda22e5975c/torf-4.2.7-py3-none-any.whl", hash = "sha256:a15e31ee7f9c04104bf6253bf383f69ad9b42b8207faeb791d096212af460ccf", size = 59491, upload-time = "2024-06-13T09:45:33.903Z" },
]

[[package]]
name = "torf"
version = "4.3.1"
source = { registry = "https://pypi.org/simple" }
resolution-markers = [
    "python_full_version >= '3.10' and sys_platform == 'win32'",
    "python_full_version == '3.9.*' and sys_platform == 'win32'",
    "python_full_version == '3.8.*' and sys_platform == 'win32'",
    "python_full_version >= '3.10' and sys_platform != 'win32'",
    "python_full_version == '3.9.*' and sys_platform != 'win32'",
    "python_full_version == '3.8.*' and sys_platform != 'win32'",
]
sdist = { url = "https://files.pythonhosted.org/packages/85/1f/152db30a4f60142766ea7b16af2cae86b648359f300179d06eb06b079270/torf-4.3.1.tar.gz", hash = "sha256:5c17656b2ad379122f2ec97a057398d1ec6a6bfce6f0b6f8ec0799b142493c5a", size = 109185, upload-time = "2026-01-13T10:55:29.501Z" }
wheels = [
    { url = "https://files.pythonhosted.org/packages/88/86/eef1af063d4dcf60f8602cedfff6b6ea8b88b9542fd9cb3496d66e8ed108/torf-4.3.1-py3-none-any.whl", hash = "sha256:c76e5f6efda8c6b92c588df56e3e1a8ecf6a5377bd075ea60ca3ab997bd83a61", size = 67942, upload-time = "2026-01-13T10:55:27.635Z" },
]

[[package]]
name = "torf-gui"
version = "0.4.2"
source = { virtual = "." }
dependencies = [
    { name = "humanfriendly" },
    { name = "pyqt5", version = "5.15.10", source = { registry = "https://pypi.org/simple" }, marker = "python_full_version < '3.8'" },
    { name = "pyqt5", version = "5.15.11", source = { registry = "https://pypi.org/simple" }, marker = "python_full_version >= '3.8'" },
    { name = "pyqtdarktheme" },
    { name = "torf", version = "4.2.7", source = { registry = "https://pypi.org/simple" }, marker = "python_full_version < '3.8'" },
    { name = "torf", version = "4.3.1", source = { registry = "https://pypi.org/simple" }, marker = "python_full_version >= '3.8'" },
]

[package.metadata]
requires-dist = [
    { name = "humanfriendly", specifier = ">=10.0" },
    { name = "pyqt5", specifier = ">=5.15.9" },
    { name = "pyqtdarktheme", specifier = ">=2.1.0" },
    { name = "torf", specifier = ">=4.2.4" },
]
